
Microsoft Visual Studio Solution File, Format Version 12.00
# Visual Studio Version 17
VisualStudioVersion = 17.11.35327.3
MinimumVisualStudioVersion = 10.0.40219.1
Project("{FAE04EC0-301F-11D3-BF4B-00C04F79EFBC}") = "EmployeeManagement", "EmployeeManagement\EmployeeManagement.csproj", "{10C678A0-88B5-49C5-8BD6-6E22020BE241}"
EndProject
Project("{FAE04EC0-301F-11D3-BF4B-00C04F79EFBC}") = "EmployeeManagement.Domian", "Domian\EmployeeManagement.Domian.csproj", "{823639CF-76F7-4BDE-8B45-98AA55E3F2E3}"
EndProject
Project("{FAE04EC0-301F-11D3-BF4B-00C04F79EFBC}") = "EmployeeManagement.DAL", "EmployeeManagement.DAL\EmployeeManagement.DAL.csproj", "{D7C4B92F-D327-4BA6-ADA9-E32DE70AFADE}"
EndProject
Project("{FAE04EC0-301F-11D3-BF4B-00C04F79EFBC}") = "EmployeeManagement.BLL", "EmployeeManagement.BLL\EmployeeManagement.BLL.csproj", "{DC49DE28-4075-47AF-85BF-8562B7B9B5FB}"
EndProject
Project("{2150E333-8FDC-42A3-9474-1A3956D46DE8}") = "Audit", "Audit", "{3F531BC1-B228-48EF-95D4-7446BEA04AC0}"
EndProject
Project("{FAE04EC0-301F-11D3-BF4B-00C04F79EFBC}") = "Audit.Api", "Audit.Api\Audit.Api.csproj", "{5CE1C120-8A0F-4AB6-8D1D-3C9A48C1A40A}"
EndProject
Project("{FAE04EC0-301F-11D3-BF4B-00C04F79EFBC}") = "Audit.Domain", "Audit.Domain\Audit.Domain.csproj", "{4A152A72-7DD1-4A2A-8AA8-B2B99F5CFCF2}"
EndProject
Project("{FAE04EC0-301F-11D3-BF4B-00C04F79EFBC}") = "Audit.DAL", "Audit.DAL\Audit.DAL.csproj", "{9806615F-51EC-4CD2-A3B0-E7295A6D0BE7}"
EndProject
Project("{FAE04EC0-301F-11D3-BF4B-00C04F79EFBC}") = "Audit.BLL", "Audit.BLL\Audit.BLL.csproj", "{1E34A791-7626-4851-8216-AD844DC9BB5C}"
EndProject
Project("{2150E333-8FDC-42A3-9474-1A3956D46DE8}") = "UserManagement", "UserManagement", "{DC1FE775-27E1-48C6-A84D-216ECAEC99C7}"
EndProject
Project("{FAE04EC0-301F-11D3-BF4B-00C04F79EFBC}") = "UserManagement.Domain", "UserManagement.Domain\UserManagement.Domain.csproj", "{752392F3-8141-4819-9460-A84C520928E1}"
EndProject
Project("{FAE04EC0-301F-11D3-BF4B-00C04F79EFBC}") = "UserManagement.BLL", "UserManagement.BLL\UserManagement.BLL.csproj", "{6F993CD4-D788-44C2-BF88-43E8E8D0D52F}"
EndProject
Project("{FAE04EC0-301F-11D3-BF4B-00C04F79EFBC}") = "UserMagaement", "UserMagaement\UserMagaement.csproj", "{3563EC9F-E701-4D1A-936B-2ED264A3EC42}"
EndProject
Project("{FAE04EC0-301F-11D3-BF4B-00C04F79EFBC}") = "UserManagement.DAL", "UserMangament.DAL\UserManagement.DAL.csproj", "{2E87B1D4-7A67-42EA-BA83-0AA913285045}"
EndProject
Global
	GlobalSection(SolutionConfigurationPlatforms) = preSolution
		Debug|Any CPU = Debug|Any CPU
		Release|Any CPU = Release|Any CPU
	EndGlobalSection
	GlobalSection(ProjectConfigurationPlatforms) = postSolution
		{10C678A0-88B5-49C5-8BD6-6E22020BE241}.Debug|Any CPU.ActiveCfg = Debug|Any CPU
		{10C678A0-88B5-49C5-8BD6-6E22020BE241}.Debug|Any CPU.Build.0 = Debug|Any CPU
		{10C678A0-88B5-49C5-8BD6-6E22020BE241}.Release|Any CPU.ActiveCfg = Release|Any CPU
		{10C678A0-88B5-49C5-8BD6-6E22020BE241}.Release|Any CPU.Build.0 = Release|Any CPU
		{823639CF-76F7-4BDE-8B45-98AA55E3F2E3}.Debug|Any CPU.ActiveCfg = Debug|Any CPU
		{823639CF-76F7-4BDE-8B45-98AA55E3F2E3}.Debug|Any CPU.Build.0 = Debug|Any CPU
		{823639CF-76F7-4BDE-8B45-98AA55E3F2E3}.Release|Any CPU.ActiveCfg = Release|Any CPU
		{823639CF-76F7-4BDE-8B45-98AA55E3F2E3}.Release|Any CPU.Build.0 = Release|Any CPU
		{D7C4B92F-D327-4BA6-ADA9-E32DE70AFADE}.Debug|Any CPU.ActiveCfg = Debug|Any CPU
		{D7C4B92F-D327-4BA6-ADA9-E32DE70AFADE}.Debug|Any CPU.Build.0 = Debug|Any CPU
		{D7C4B92F-D327-4BA6-ADA9-E32DE70AFADE}.Release|Any CPU.ActiveCfg = Release|Any CPU
		{D7C4B92F-D327-4BA6-ADA9-E32DE70AFADE}.Release|Any CPU.Build.0 = Release|Any CPU
		{DC49DE28-4075-47AF-85BF-8562B7B9B5FB}.Debug|Any CPU.ActiveCfg = Debug|Any CPU
		{DC49DE28-4075-47AF-85BF-8562B7B9B5FB}.Debug|Any CPU.Build.0 = Debug|Any CPU
		{DC49DE28-4075-47AF-85BF-8562B7B9B5FB}.Release|Any CPU.ActiveCfg = Release|Any CPU
		{DC49DE28-4075-47AF-85BF-8562B7B9B5FB}.Release|Any CPU.Build.0 = Release|Any CPU
		{5CE1C120-8A0F-4AB6-8D1D-3C9A48C1A40A}.Debug|Any CPU.ActiveCfg = Debug|Any CPU
		{5CE1C120-8A0F-4AB6-8D1D-3C9A48C1A40A}.Debug|Any CPU.Build.0 = Debug|Any CPU
		{5CE1C120-8A0F-4AB6-8D1D-3C9A48C1A40A}.Release|Any CPU.ActiveCfg = Release|Any CPU
		{5CE1C120-8A0F-4AB6-8D1D-3C9A48C1A40A}.Release|Any CPU.Build.0 = Release|Any CPU
		{4A152A72-7DD1-4A2A-8AA8-B2B99F5CFCF2}.Debug|Any CPU.ActiveCfg = Debug|Any CPU
		{4A152A72-7DD1-4A2A-8AA8-B2B99F5CFCF2}.Debug|Any CPU.Build.0 = Debug|Any CPU
		{4A152A72-7DD1-4A2A-8AA8-B2B99F5CFCF2}.Release|Any CPU.ActiveCfg = Release|Any CPU
		{4A152A72-7DD1-4A2A-8AA8-B2B99F5CFCF2}.Release|Any CPU.Build.0 = Release|Any CPU
		{9806615F-51EC-4CD2-A3B0-E7295A6D0BE7}.Debug|Any CPU.ActiveCfg = Debug|Any CPU
		{9806615F-51EC-4CD2-A3B0-E7295A6D0BE7}.Debug|Any CPU.Build.0 = Debug|Any CPU
		{9806615F-51EC-4CD2-A3B0-E7295A6D0BE7}.Release|Any CPU.ActiveCfg = Release|Any CPU
		{9806615F-51EC-4CD2-A3B0-E7295A6D0BE7}.Release|Any CPU.Build.0 = Release|Any CPU
		{1E34A791-7626-4851-8216-AD844DC9BB5C}.Debug|Any CPU.ActiveCfg = Debug|Any CPU
		{1E34A791-7626-4851-8216-AD844DC9BB5C}.Debug|Any CPU.Build.0 = Debug|Any CPU
		{1E34A791-7626-4851-8216-AD844DC9BB5C}.Release|Any CPU.ActiveCfg = Release|Any CPU
		{1E34A791-7626-4851-8216-AD844DC9BB5C}.Release|Any CPU.Build.0 = Release|Any CPU
		{752392F3-8141-4819-9460-A84C520928E1}.Debug|Any CPU.ActiveCfg = Debug|Any CPU
		{752392F3-8141-4819-9460-A84C520928E1}.Debug|Any CPU.Build.0 = Debug|Any CPU
		{752392F3-8141-4819-9460-A84C520928E1}.Release|Any CPU.ActiveCfg = Release|Any CPU
		{752392F3-8141-4819-9460-A84C520928E1}.Release|Any CPU.Build.0 = Release|Any CPU
		{6F993CD4-D788-44C2-BF88-43E8E8D0D52F}.Debug|Any CPU.ActiveCfg = Debug|Any CPU
		{6F993CD4-D788-44C2-BF88-43E8E8D0D52F}.Debug|Any CPU.Build.0 = Debug|Any CPU
		{6F993CD4-D788-44C2-BF88-43E8E8D0D52F}.Release|Any CPU.ActiveCfg = Release|Any CPU
		{6F993CD4-D788-44C2-BF88-43E8E8D0D52F}.Release|Any CPU.Build.0 = Release|Any CPU
		{3563EC9F-E701-4D1A-936B-2ED264A3EC42}.Debug|Any CPU.ActiveCfg = Debug|Any CPU
		{3563EC9F-E701-4D1A-936B-2ED264A3EC42}.Debug|Any CPU.Build.0 = Debug|Any CPU
		{3563EC9F-E701-4D1A-936B-2ED264A3EC42}.Release|Any CPU.ActiveCfg = Release|Any CPU
		{3563EC9F-E701-4D1A-936B-2ED264A3EC42}.Release|Any CPU.Build.0 = Release|Any CPU
		{2E87B1D4-7A67-42EA-BA83-0AA913285045}.Debug|Any CPU.ActiveCfg = Debug|Any CPU
		{2E87B1D4-7A67-42EA-BA83-0AA913285045}.Debug|Any CPU.Build.0 = Debug|Any CPU
		{2E87B1D4-7A67-42EA-BA83-0AA913285045}.Release|Any CPU.ActiveCfg = Release|Any CPU
		{2E87B1D4-7A67-42EA-BA83-0AA913285045}.Release|Any CPU.Build.0 = Release|Any CPU
	EndGlobalSection
	GlobalSection(SolutionProperties) = preSolution
		HideSolutionNode = FALSE
	EndGlobalSection
	GlobalSection(NestedProjects) = preSolution
		{5CE1C120-8A0F-4AB6-8D1D-3C9A48C1A40A} = {3F531BC1-B228-48EF-95D4-7446BEA04AC0}
		{4A152A72-7DD1-4A2A-8AA8-B2B99F5CFCF2} = {3F531BC1-B228-48EF-95D4-7446BEA04AC0}
		{9806615F-51EC-4CD2-A3B0-E7295A6D0BE7} = {3F531BC1-B228-48EF-95D4-7446BEA04AC0}
		{1E34A791-7626-4851-8216-AD844DC9BB5C} = {3F531BC1-B228-48EF-95D4-7446BEA04AC0}
		{752392F3-8141-4819-9460-A84C520928E1} = {DC1FE775-27E1-48C6-A84D-216ECAEC99C7}
		{6F993CD4-D788-44C2-BF88-43E8E8D0D52F} = {DC1FE775-27E1-48C6-A84D-216ECAEC99C7}
		{3563EC9F-E701-4D1A-936B-2ED264A3EC42} = {DC1FE775-27E1-48C6-A84D-216ECAEC99C7}
		{2E87B1D4-7A67-42EA-BA83-0AA913285045} = {DC1FE775-27E1-48C6-A84D-216ECAEC99C7}
	EndGlobalSection
	GlobalSection(ExtensibilityGlobals) = postSolution
		SolutionGuid = {AF78C50E-3ACC-4C03-AA62-EFD5AF24DDF8}
	EndGlobalSection
EndGlobal
